
Microsoft Visual Studio Solution File, Format Version 12.00
# Visual Studio 2017
Project("{FAE04EC0-301F-11D3-BF4B-00C04F79EFBC}") = "ProductSearches", "ProductSearches.csproj", "{AA289212-4284-4D11-8BD7-AD5EB014794A}"
EndProject
Global
	GlobalSection(SolutionConfigurationPlatforms) = preSolution
		Debug|Any CPU = Debug|Any CPU
		Release|Any CPU = Release|Any CPU
	EndGlobalSection
	GlobalSection(ProjectConfigurationPlatforms) = postSolution
		{AA289212-4284-4D11-8BD7-AD5EB014794A}.Debug|Any CPU.ActiveCfg = Debug|Any CPU
		{AA289212-4284-4D11-8BD7-AD5EB014794A}.Debug|Any CPU.Build.0 = Debug|Any CPU
		{AA289212-4284-4D11-8BD7-AD5EB014794A}.Release|Any CPU.ActiveCfg = Release|Any CPU
		{AA289212-4284-4D11-8BD7-AD5EB014794A}.Release|Any CPU.Build.0 = Release|Any CPU
	EndGlobalSection
EndGlobal
